// !$*UTF8*$!
{
	archiveVersion = 1;
	classes = {
	};
	objectVersion = 56;
	objects = {

/* Begin PBXBuildFile section */
		7B3AC49429632344009F3687 /* EditContactViewModel.swift in Sources */ = {isa = PBXBuildFile; fileRef = 7B3AC49329632344009F3687 /* EditContactViewModel.swift */; };
		7B3AC49729659D7D009F3687 /* NoContactsView.swift in Sources */ = {isa = PBXBuildFile; fileRef = 7B3AC49629659D7D009F3687 /* NoContactsView.swift */; };
		7B5014E52962FF89004641BA /* ContactsAppApp.swift in Sources */ = {isa = PBXBuildFile; fileRef = 7B5014E42962FF89004641BA /* ContactsAppApp.swift */; };
		7B5014E72962FF89004641BA /* ContentView.swift in Sources */ = {isa = PBXBuildFile; fileRef = 7B5014E62962FF89004641BA /* ContentView.swift */; };
		7B5014E92962FF8A004641BA /* Assets.xcassets in Resources */ = {isa = PBXBuildFile; fileRef = 7B5014E82962FF8A004641BA /* Assets.xcassets */; };
		7B5014EC2962FF8A004641BA /* Preview Assets.xcassets in Resources */ = {isa = PBXBuildFile; fileRef = 7B5014EB2962FF8A004641BA /* Preview Assets.xcassets */; };
		7B5014F42962FFB6004641BA /* ContactsDataModel.xcdatamodeld in Sources */ = {isa = PBXBuildFile; fileRef = 7B5014F22962FFB6004641BA /* ContactsDataModel.xcdatamodeld */; };
		7B5014F629630112004641BA /* Contact.swift in Sources */ = {isa = PBXBuildFile; fileRef = 7B5014F529630112004641BA /* Contact.swift */; };
		7B5014F92963026C004641BA /* ContactsProvider.swift in Sources */ = {isa = PBXBuildFile; fileRef = 7B5014F82963026C004641BA /* ContactsProvider.swift */; };
		7B5014FC29630950004641BA /* ContactRowView.swift in Sources */ = {isa = PBXBuildFile; fileRef = 7B5014FB29630950004641BA /* ContactRowView.swift */; };
		7B5014FE296309C3004641BA /* ContactDetailView.swift in Sources */ = {isa = PBXBuildFile; fileRef = 7B5014FD296309C3004641BA /* ContactDetailView.swift */; };
		7B50150029630C29004641BA /* CreateContactView.swift in Sources */ = {isa = PBXBuildFile; fileRef = 7B5014FF29630C29004641BA /* CreateContactView.swift */; };
/* End PBXBuildFile section */

/* Begin PBXFileReference section */
		7B3AC49329632344009F3687 /* EditContactViewModel.swift */ = {isa = PBXFileReference; lastKnownFileType = sourcecode.swift; path = EditContactViewModel.swift; sourceTree = "<group>"; };
		7B3AC49629659D7D009F3687 /* NoContactsView.swift */ = {isa = PBXFileReference; lastKnownFileType = sourcecode.swift; path = NoContactsView.swift; sourceTree = "<group>"; };
		7B5014E12962FF89004641BA /* ContactsApp.app */ = {isa = PBXFileReference; explicitFileType = wrapper.application; includeInIndex = 0; path = ContactsApp.app; sourceTree = BUILT_PRODUCTS_DIR; };
		7B5014E42962FF89004641BA /* ContactsAppApp.swift */ = {isa = PBXFileReference; lastKnownFileType = sourcecode.swift; path = ContactsAppApp.swift; sourceTree = "<group>"; };
		7B5014E62962FF89004641BA /* ContentView.swift */ = {isa = PBXFileReference; lastKnownFileType = sourcecode.swift; path = ContentView.swift; sourceTree = "<group>"; };
		7B5014E82962FF8A004641BA /* Assets.xcassets */ = {isa = PBXFileReference; lastKnownFileType = folder.assetcatalog; path = Assets.xcassets; sourceTree = "<group>"; };
		7B5014EB2962FF8A004641BA /* Preview Assets.xcassets */ = {isa = PBXFileReference; lastKnownFileType = folder.assetcatalog; path = "Preview Assets.xcassets"; sourceTree = "<group>"; };
		7B5014F32962FFB6004641BA /* ContactsDataModel.xcdatamodel */ = {isa = PBXFileReference; lastKnownFileType = wrapper.xcdatamodel; path = ContactsDataModel.xcdatamodel; sourceTree = "<group>"; };
		7B5014F529630112004641BA /* Contact.swift */ = {isa = PBXFileReference; lastKnownFileType = sourcecode.swift; path = Contact.swift; sourceTree = "<group>"; };
		7B5014F82963026C004641BA /* ContactsProvider.swift */ = {isa = PBXFileReference; lastKnownFileType = sourcecode.swift; path = ContactsProvider.swift; sourceTree = "<group>"; };
		7B5014FB29630950004641BA /* ContactRowView.swift */ = {isa = PBXFileReference; lastKnownFileType = sourcecode.swift; path = ContactRowView.swift; sourceTree = "<group>"; };
		7B5014FD296309C3004641BA /* ContactDetailView.swift */ = {isa = PBXFileReference; lastKnownFileType = sourcecode.swift; path = ContactDetailView.swift; sourceTree = "<group>"; };
		7B5014FF29630C29004641BA /* CreateContactView.swift */ = {isa = PBXFileReference; lastKnownFileType = sourcecode.swift; path = CreateContactView.swift; sourceTree = "<group>"; };
/* End PBXFileReference section */

/* Begin PBXFrameworksBuildPhase section */
		7B5014DE2962FF89004641BA /* Frameworks */ = {
			isa = PBXFrameworksBuildPhase;
			buildActionMask = 2147483647;
			files = (
			);
			runOnlyForDeploymentPostprocessing = 0;
		};
/* End PBXFrameworksBuildPhase section */

/* Begin PBXGroup section */
		7B3AC495296323AE009F3687 /* Create */ = {
			isa = PBXGroup;
			children = (
				7B5014FF29630C29004641BA /* CreateContactView.swift */,
				7B3AC49329632344009F3687 /* EditContactViewModel.swift */,
			);
			path = Create;
			sourceTree = "<group>";
		};
		7B5014D82962FF89004641BA = {
			isa = PBXGroup;
			children = (
				7B5014E32962FF89004641BA /* ContactsApp */,
				7B5014E22962FF89004641BA /* Products */,
			);
			sourceTree = "<group>";
		};
		7B5014E22962FF89004641BA /* Products */ = {
			isa = PBXGroup;
			children = (
				7B5014E12962FF89004641BA /* ContactsApp.app */,
			);
			name = Products;
			sourceTree = "<group>";
		};
		7B5014E32962FF89004641BA /* ContactsApp */ = {
			isa = PBXGroup;
			children = (
				7B3AC495296323AE009F3687 /* Create */,
				7B5014FA29630273004641BA /* Provider */,
				7B5014F729630133004641BA /* Model */,
				7B5014E42962FF89004641BA /* ContactsAppApp.swift */,
				7B5014E62962FF89004641BA /* ContentView.swift */,
				7B3AC49629659D7D009F3687 /* NoContactsView.swift */,
				7B5014FD296309C3004641BA /* ContactDetailView.swift */,
				7B5014FB29630950004641BA /* ContactRowView.swift */,
				7B5014F22962FFB6004641BA /* ContactsDataModel.xcdatamodeld */,
				7B5014E82962FF8A004641BA /* Assets.xcassets */,
				7B5014EA2962FF8A004641BA /* Preview Content */,
			);
			path = ContactsApp;
			sourceTree = "<group>";
		};
		7B5014EA2962FF8A004641BA /* Preview Content */ = {
			isa = PBXGroup;
			children = (
				7B5014EB2962FF8A004641BA /* Preview Assets.xcassets */,
			);
			path = "Preview Content";
			sourceTree = "<group>";
		};
		7B5014F729630133004641BA /* Model */ = {
			isa = PBXGroup;
			children = (
				7B5014F529630112004641BA /* Contact.swift */,
			);
			path = Model;
			sourceTree = "<group>";
		};
		7B5014FA29630273004641BA /* Provider */ = {
			isa = PBXGroup;
			children = (
				7B5014F82963026C004641BA /* ContactsProvider.swift */,
			);
			path = Provider;
			sourceTree = "<group>";
		};
/* End PBXGroup section */

/* Begin PBXNativeTarget section */
		7B5014E02962FF89004641BA /* ContactsApp */ = {
			isa = PBXNativeTarget;
			buildConfigurationList = 7B5014EF2962FF8A004641BA /* Build configuration list for PBXNativeTarget "ContactsApp" */;
			buildPhases = (
				7B5014DD2962FF89004641BA /* Sources */,
				7B5014DE2962FF89004641BA /* Frameworks */,
				7B5014DF2962FF89004641BA /* Resources */,
			);
			buildRules = (
			);
			dependencies = (
			);
			name = ContactsApp;
			productName = ContactsApp;
			productReference = 7B5014E12962FF89004641BA /* ContactsApp.app */;
			productType = "com.apple.product-type.application";
		};
/* End PBXNativeTarget section */

/* Begin PBXProject section */
		7B5014D92962FF89004641BA /* Project object */ = {
			isa = PBXProject;
			attributes = {
				BuildIndependentTargetsInParallel = 1;
				LastSwiftUpdateCheck = 1400;
				LastUpgradeCheck = 1400;
				TargetAttributes = {
					7B5014E02962FF89004641BA = {
						CreatedOnToolsVersion = 14.0;
					};
				};
			};
			buildConfigurationList = 7B5014DC2962FF89004641BA /* Build configuration list for PBXProject "ContactsApp" */;
			compatibilityVersion = "Xcode 14.0";
			developmentRegion = en;
			hasScannedForEncodings = 0;
			knownRegions = (
				en,
				Base,
			);
			mainGroup = 7B5014D82962FF89004641BA;
			productRefGroup = 7B5014E22962FF89004641BA /* Products */;
			projectDirPath = "";
			projectRoot = "";
			targets = (
				7B5014E02962FF89004641BA /* ContactsApp */,
			);
		};
/* End PBXProject section */

/* Begin PBXResourcesBuildPhase section */
		7B5014DF2962FF89004641BA /* Resources */ = {
			isa = PBXResourcesBuildPhase;
			buildActionMask = 2147483647;
			files = (
				7B5014EC2962FF8A004641BA /* Preview Assets.xcassets in Resources */,
				7B5014E92962FF8A004641BA /* Assets.xcassets in Resources */,
			);
			runOnlyForDeploymentPostprocessing = 0;
		};
/* End PBXResourcesBuildPhase section */

/* Begin PBXSourcesBuildPhase section */
		7B5014DD2962FF89004641BA /* Sources */ = {
			isa = PBXSourcesBuildPhase;
			buildActionMask = 2147483647;
			files = (
				7B5014F629630112004641BA /* Contact.swift in Sources */,
				7B5014F92963026C004641BA /* ContactsProvider.swift in Sources */,
				7B5014FE296309C3004641BA /* ContactDetailView.swift in Sources */,
				7B3AC49429632344009F3687 /* EditContactViewModel.swift in Sources */,
				7B5014F42962FFB6004641BA /* ContactsDataModel.xcdatamodeld in Sources */,
				7B5014E72962FF89004641BA /* ContentView.swift in Sources */,
				7B50150029630C29004641BA /* CreateContactView.swift in Sources */,
				7B5014FC29630950004641BA /* ContactRowView.swift in Sources */,
				7B3AC49729659D7D009F3687 /* NoContactsView.swift in Sources */,
				7B5014E52962FF89004641BA /* ContactsAppApp.swift in Sources */,
			);
			runOnlyForDeploymentPostprocessing = 0;
		};
/* End PBXSourcesBuildPhase section */

/* Begin XCBuildConfiguration section */
		7B5014ED2962FF8A004641BA /* Debug */ = {
			isa = XCBuildConfiguration;
			buildSettings = {
				ALWAYS_SEARCH_USER_PATHS = NO;
				CLANG_ANALYZER_NONNULL = YES;
				CLANG_ANALYZER_NUMBER_OBJECT_CONVERSION = YES_AGGRESSIVE;
				CLANG_CXX_LANGUAGE_STANDARD = "gnu++20";
				CLANG_ENABLE_MODULES = YES;
				CLANG_ENABLE_OBJC_ARC = YES;
				CLANG_ENABLE_OBJC_WEAK = YES;
				CLANG_WARN_BLOCK_CAPTURE_AUTORELEASING = YES;
				CLANG_WARN_BOOL_CONVERSION = YES;
				CLANG_WARN_COMMA = YES;
				CLANG_WARN_CONSTANT_CONVERSION = YES;
				CLANG_WARN_DEPRECATED_OBJC_IMPLEMENTATIONS = YES;
				CLANG_WARN_DIRECT_OBJC_ISA_USAGE = YES_ERROR;
				CLANG_WARN_DOCUMENTATION_COMMENTS = YES;
				CLANG_WARN_EMPTY_BODY = YES;
				CLANG_WARN_ENUM_CONVERSION = YES;
				CLANG_WARN_INFINITE_RECURSION = YES;
				CLANG_WARN_INT_CONVERSION = YES;
				CLANG_WARN_NON_LITERAL_NULL_CONVERSION = YES;
				CLANG_WARN_OBJC_IMPLICIT_RETAIN_SELF = YES;
				CLANG_WARN_OBJC_LITERAL_CONVERSION = YES;
				CLANG_WARN_OBJC_ROOT_CLASS = YES_ERROR;
				CLANG_WARN_QUOTED_INCLUDE_IN_FRAMEWORK_HEADER = YES;
				CLANG_WARN_RANGE_LOOP_ANALYSIS = YES;
				CLANG_WARN_STRICT_PROTOTYPES = YES;
				CLANG_WARN_SUSPICIOUS_MOVE = YES;
				CLANG_WARN_UNGUARDED_AVAILABILITY = YES_AGGRESSIVE;
				CLANG_WARN_UNREACHABLE_CODE = YES;
				CLANG_WARN__DUPLICATE_METHOD_MATCH = YES;
				COPY_PHASE_STRIP = NO;
				DEBUG_INFORMATION_FORMAT = dwarf;
				ENABLE_STRICT_OBJC_MSGSEND = YES;
				ENABLE_TESTABILITY = YES;
				GCC_C_LANGUAGE_STANDARD = gnu11;
				GCC_DYNAMIC_NO_PIC = NO;
				GCC_NO_COMMON_BLOCKS = YES;
				GCC_OPTIMIZATION_LEVEL = 0;
				GCC_PREPROCESSOR_DEFINITIONS = (
					"DEBUG=1",
					"$(inherited)",
				);
				GCC_WARN_64_TO_32_BIT_CONVERSION = YES;
				GCC_WARN_ABOUT_RETURN_TYPE = YES_ERROR;
				GCC_WARN_UNDECLARED_SELECTOR = YES;
				GCC_WARN_UNINITIALIZED_AUTOS = YES_AGGRESSIVE;
				GCC_WARN_UNUSED_FUNCTION = YES;
				GCC_WARN_UNUSED_VARIABLE = YES;
				IPHONEOS_DEPLOYMENT_TARGET = 16.0;
				MTL_ENABLE_DEBUG_INFO = INCLUDE_SOURCE;
				MTL_FAST_MATH = YES;
				ONLY_ACTIVE_ARCH = YES;
				SDKROOT = iphoneos;
				SWIFT_ACTIVE_COMPILATION_CONDITIONS = DEBUG;
				SWIFT_OPTIMIZATION_LEVEL = "-Onone";
			};
			name = Debug;
		};
		7B5014EE2962FF8A004641BA /* Release */ = {
			isa = XCBuildConfiguration;
			buildSettings = {
				ALWAYS_SEARCH_USER_PATHS = NO;
				CLANG_ANALYZER_NONNULL = YES;
				CLANG_ANALYZER_NUMBER_OBJECT_CONVERSION = YES_AGGRESSIVE;
				CLANG_CXX_LANGUAGE_STANDARD = "gnu++20";
				CLANG_ENABLE_MODULES = YES;
				CLANG_ENABLE_OBJC_ARC = YES;
				CLANG_ENABLE_OBJC_WEAK = YES;
				CLANG_WARN_BLOCK_CAPTURE_AUTORELEASING = YES;
				CLANG_WARN_BOOL_CONVERSION = YES;
				CLANG_WARN_COMMA = YES;
				CLANG_WARN_CONSTANT_CONVERSION = YES;
				CLANG_WARN_DEPRECATED_OBJC_IMPLEMENTATIONS = YES;
				CLANG_WARN_DIRECT_OBJC_ISA_USAGE = YES_ERROR;
				CLANG_WARN_DOCUMENTATION_COMMENTS = YES;
				CLANG_WARN_EMPTY_BODY = YES;
				CLANG_WARN_ENUM_CONVERSION = YES;
				CLANG_WARN_INFINITE_RECURSION = YES;
				CLANG_WARN_INT_CONVERSION = YES;
				CLANG_WARN_NON_LITERAL_NULL_CONVERSION = YES;
				CLANG_WARN_OBJC_IMPLICIT_RETAIN_SELF = YES;
				CLANG_WARN_OBJC_LITERAL_CONVERSION = YES;
				CLANG_WARN_OBJC_ROOT_CLASS = YES_ERROR;
				CLANG_WARN_QUOTED_INCLUDE_IN_FRAMEWORK_HEADER = YES;
				CLANG_WARN_RANGE_LOOP_ANALYSIS = YES;
				CLANG_WARN_STRICT_PROTOTYPES = YES;
				CLANG_WARN_SUSPICIOUS_MOVE = YES;
				CLANG_WARN_UNGUARDED_AVAILABILITY = YES_AGGRESSIVE;
				CLANG_WARN_UNREACHABLE_CODE = YES;
				CLANG_WARN__DUPLICATE_METHOD_MATCH = YES;
				COPY_PHASE_STRIP = NO;
				DEBUG_INFORMATION_FORMAT = "dwarf-with-dsym";
				ENABLE_NS_ASSERTIONS = NO;
				ENABLE_STRICT_OBJC_MSGSEND = YES;
				GCC_C_LANGUAGE_STANDARD = gnu11;
				GCC_NO_COMMON_BLOCKS = YES;
				GCC_WARN_64_TO_32_BIT_CONVERSION = YES;
				GCC_WARN_ABOUT_RETURN_TYPE = YES_ERROR;
				GCC_WARN_UNDECLARED_SELECTOR = YES;
				GCC_WARN_UNINITIALIZED_AUTOS = YES_AGGRESSIVE;
				GCC_WARN_UNUSED_FUNCTION = YES;
				GCC_WARN_UNUSED_VARIABLE = YES;
				IPHONEOS_DEPLOYMENT_TARGET = 16.0;
				MTL_ENABLE_DEBUG_INFO = NO;
				MTL_FAST_MATH = YES;
				SDKROOT = iphoneos;
				SWIFT_COMPILATION_MODE = wholemodule;
				SWIFT_OPTIMIZATION_LEVEL = "-O";
				VALIDATE_PRODUCT = YES;
			};
			name = Release;
		};
		7B5014F02962FF8A004641BA /* Debug */ = {
			isa = XCBuildConfiguration;
			buildSettings = {
				ASSETCATALOG_COMPILER_APPICON_NAME = AppIcon;
				ASSETCATALOG_COMPILER_GLOBAL_ACCENT_COLOR_NAME = AccentColor;
				CODE_SIGN_STYLE = Automatic;
				CURRENT_PROJECT_VERSION = 1;
				DEVELOPMENT_ASSET_PATHS = "\"ContactsApp/Preview Content\"";
				DEVELOPMENT_TEAM = KTK732WRHB;
				ENABLE_PREVIEWS = YES;
				GENERATE_INFOPLIST_FILE = YES;
				INFOPLIST_KEY_UIApplicationSceneManifest_Generation = YES;
				INFOPLIST_KEY_UIApplicationSupportsIndirectInputEvents = YES;
				INFOPLIST_KEY_UILaunchScreen_Generation = YES;
				INFOPLIST_KEY_UISupportedInterfaceOrientations_iPad = "UIInterfaceOrientationPortrait UIInterfaceOrientationPortraitUpsideDown UIInterfaceOrientationLandscapeLeft UIInterfaceOrientationLandscapeRight";
				INFOPLIST_KEY_UISupportedInterfaceOrientations_iPhone = "UIInterfaceOrientationPortrait UIInterfaceOrientationLandscapeLeft UIInterfaceOrientationLandscapeRight";
				LD_RUNPATH_SEARCH_PATHS = (
					"$(inherited)",
					"@executable_path/Frameworks",
				);
				MARKETING_VERSION = 1.0;
				PRODUCT_BUNDLE_IDENTIFIER = com.allymationes.ContactsApp;
				PRODUCT_NAME = "$(TARGET_NAME)";
				SWIFT_EMIT_LOC_STRINGS = YES;
				SWIFT_VERSION = 5.0;
				TARGETED_DEVICE_FAMILY = "1,2";
			};
			name = Debug;
		};
		7B5014F12962FF8A004641BA /* Release */ = {
			isa = XCBuildConfiguration;
			buildSettings = {
				ASSETCATALOG_COMPILER_APPICON_NAME = AppIcon;
				ASSETCATALOG_COMPILER_GLOBAL_ACCENT_COLOR_NAME = AccentColor;
				CODE_SIGN_STYLE = Automatic;
				CURRENT_PROJECT_VERSION = 1;
				DEVELOPMENT_ASSET_PATHS = "\"ContactsApp/Preview Content\"";
				DEVELOPMENT_TEAM = KTK732WRHB;
				ENABLE_PREVIEWS = YES;
				GENERATE_INFOPLIST_FILE = YES;
				INFOPLIST_KEY_UIApplicationSceneManifest_Generation = YES;
				INFOPLIST_KEY_UIApplicationSupportsIndirectInputEvents = YES;
				INFOPLIST_KEY_UILaunchScreen_Generation = YES;
				INFOPLIST_KEY_UISupportedInterfaceOrientations_iPad = "UIInterfaceOrientationPortrait UIInterfaceOrientationPortraitUpsideDown UIInterfaceOrientationLandscapeLeft UIInterfaceOrientationLandscapeRight";
				INFOPLIST_KEY_UISupportedInterfaceOrientations_iPhone = "UIInterfaceOrientationPortrait UIInterfaceOrientationLandscapeLeft UIInterfaceOrientationLandscapeRight";
				LD_RUNPATH_SEARCH_PATHS = (
					"$(inherited)",
					"@executable_path/Frameworks",
				);
				MARKETING_VERSION = 1.0;
				PRODUCT_BUNDLE_IDENTIFIER = com.allymationes.ContactsApp;
				PRODUCT_NAME = "$(TARGET_NAME)";
				SWIFT_EMIT_LOC_STRINGS = YES;
				SWIFT_VERSION = 5.0;
				TARGETED_DEVICE_FAMILY = "1,2";
			};
			name = Release;
		};
/* End XCBuildConfiguration section */

/* Begin XCConfigurationList section */
		7B5014DC2962FF89004641BA /* Build configuration list for PBXProject "ContactsApp" */ = {
			isa = XCConfigurationList;
			buildConfigurations = (
				7B5014ED2962FF8A004641BA /* Debug */,
				7B5014EE2962FF8A004641BA /* Release */,
			);
			defaultConfigurationIsVisible = 0;
			defaultConfigurationName = Release;
		};
		7B5014EF2962FF8A004641BA /* Build configuration list for PBXNativeTarget "ContactsApp" */ = {
			isa = XCConfigurationList;
			buildConfigurations = (
				7B5014F02962FF8A004641BA /* Debug */,
				7B5014F12962FF8A004641BA /* Release */,
			);
			defaultConfigurationIsVisible = 0;
			defaultConfigurationName = Release;
		};
/* End XCConfigurationList section */

/* Begin XCVersionGroup section */
		7B5014F22962FFB6004641BA /* ContactsDataModel.xcdatamodeld */ = {
			isa = XCVersionGroup;
			children = (
				7B5014F32962FFB6004641BA /* ContactsDataModel.xcdatamodel */,
			);
			currentVersion = 7B5014F32962FFB6004641BA /* ContactsDataModel.xcdatamodel */;
			path = ContactsDataModel.xcdatamodeld;
			sourceTree = "<group>";
			versionGroupType = wrapper.xcdatamodel;
		};
/* End XCVersionGroup section */
	};
	rootObject = 7B5014D92962FF89004641BA /* Project object */;
}
